// !$*UTF8*$!
{
	archiveVersion = 1;
	classes = {
	};
	objectVersion = 46;
	objects = {

/* Begin PBXBuildFile section */
		FBCBDBC71A64E94E00C43B10 /* main.m in Sources */ = {isa = PBXBuildFile; fileRef = FBCBDBC61A64E94E00C43B10 /* main.m */; };
		FBCBDBCA1A64E94E00C43B10 /* AppDelegate.m in Sources */ = {isa = PBXBuildFile; fileRef = FBCBDBC91A64E94E00C43B10 /* AppDelegate.m */; };
		FBCBDBCD1A64E94E00C43B10 /* ViewController.m in Sources */ = {isa = PBXBuildFile; fileRef = FBCBDBCC1A64E94E00C43B10 /* ViewController.m */; };
		FBCBDBD01A64E94E00C43B10 /* Main.storyboard in Resources */ = {isa = PBXBuildFile; fileRef = FBCBDBCE1A64E94E00C43B10 /* Main.storyboard */; };
		FBCBDBD21A64E94E00C43B10 /* Images.xcassets in Resources */ = {isa = PBXBuildFile; fileRef = FBCBDBD11A64E94E00C43B10 /* Images.xcassets */; };
		FBCBDBD51A64E94E00C43B10 /* LaunchScreen.xib in Resources */ = {isa = PBXBuildFile; fileRef = FBCBDBD31A64E94E00C43B10 /* LaunchScreen.xib */; };
		FBCBDBE11A64E94E00C43B10 /* jsDemoTests.m in Sources */ = {isa = PBXBuildFile; fileRef = FBCBDBE01A64E94E00C43B10 /* jsDemoTests.m */; };
		FBCBDBEB1A64E97D00C43B10 /* resource in Resources */ = {isa = PBXBuildFile; fileRef = FBCBDBEA1A64E97D00C43B10 /* resource */; };
/* End PBXBuildFile section */

/* Begin PBXContainerItemProxy section */
		FBCBDBDB1A64E94E00C43B10 /* PBXContainerItemProxy */ = {
			isa = PBXContainerItemProxy;
			containerPortal = FBCBDBB91A64E94D00C43B10 /* Project object */;
			proxyType = 1;
			remoteGlobalIDString = FBCBDBC01A64E94D00C43B10;
			remoteInfo = jsDemo;
		};
/* End PBXContainerItemProxy section */

/* Begin PBXFileReference section */
		FBCBDBC11A64E94E00C43B10 /* jsDemo.app */ = {isa = PBXFileReference; explicitFileType = wrapper.application; includeInIndex = 0; path = jsDemo.app; sourceTree = BUILT_PRODUCTS_DIR; };
		FBCBDBC51A64E94E00C43B10 /* Info.plist */ = {isa = PBXFileReference; lastKnownFileType = text.plist.xml; path = Info.plist; sourceTree = "<group>"; };
		FBCBDBC61A64E94E00C43B10 /* main.m */ = {isa = PBXFileReference; lastKnownFileType = sourcecode.c.objc; path = main.m; sourceTree = "<group>"; };
		FBCBDBC81A64E94E00C43B10 /* AppDelegate.h */ = {isa = PBXFileReference; lastKnownFileType = sourcecode.c.h; path = AppDelegate.h; sourceTree = "<group>"; };
		FBCBDBC91A64E94E00C43B10 /* AppDelegate.m */ = {isa = PBXFileReference; lastKnownFileType = sourcecode.c.objc; path = AppDelegate.m; sourceTree = "<group>"; };
		FBCBDBCB1A64E94E00C43B10 /* ViewController.h */ = {isa = PBXFileReference; lastKnownFileType = sourcecode.c.h; path = ViewController.h; sourceTree = "<group>"; };
		FBCBDBCC1A64E94E00C43B10 /* ViewController.m */ = {isa = PBXFileReference; lastKnownFileType = sourcecode.c.objc; path = ViewController.m; sourceTree = "<group>"; };
		FBCBDBCF1A64E94E00C43B10 /* Base */ = {isa = PBXFileReference; lastKnownFileType = file.storyboard; name = Base; path = Base.lproj/Main.storyboard; sourceTree = "<group>"; };
		FBCBDBD11A64E94E00C43B10 /* Images.xcassets */ = {isa = PBXFileReference; lastKnownFileType = folder.assetcatalog; path = Images.xcassets; sourceTree = "<group>"; };
		FBCBDBD41A64E94E00C43B10 /* Base */ = {isa = PBXFileReference; lastKnownFileType = file.xib; name = Base; path = Base.lproj/LaunchScreen.xib; sourceTree = "<group>"; };
		FBCBDBDA1A64E94E00C43B10 /* jsDemoTests.xctest */ = {isa = PBXFileReference; explicitFileType = wrapper.cfbundle; includeInIndex = 0; path = jsDemoTests.xctest; sourceTree = BUILT_PRODUCTS_DIR; };
		FBCBDBDF1A64E94E00C43B10 /* Info.plist */ = {isa = PBXFileReference; lastKnownFileType = text.plist.xml; path = Info.plist; sourceTree = "<group>"; };
		FBCBDBE01A64E94E00C43B10 /* jsDemoTests.m */ = {isa = PBXFileReference; lastKnownFileType = sourcecode.c.objc; path = jsDemoTests.m; sourceTree = "<group>"; };
		FBCBDBEA1A64E97D00C43B10 /* resource */ = {isa = PBXFileReference; lastKnownFileType = folder; path = resource; sourceTree = "<group>"; };
/* End PBXFileReference section */

/* Begin PBXFrameworksBuildPhase section */
		FBCBDBBE1A64E94D00C43B10 /* Frameworks */ = {
			isa = PBXFrameworksBuildPhase;
			buildActionMask = 2147483647;
			files = (
			);
			runOnlyForDeploymentPostprocessing = 0;
		};
		FBCBDBD71A64E94E00C43B10 /* Frameworks */ = {
			isa = PBXFrameworksBuildPhase;
			buildActionMask = 2147483647;
			files = (
			);
			runOnlyForDeploymentPostprocessing = 0;
		};
/* End PBXFrameworksBuildPhase section */

/* Begin PBXGroup section */
		FBCBDBB81A64E94D00C43B10 = {
			isa = PBXGroup;
			children = (
				FBCBDBC31A64E94E00C43B10 /* jsDemo */,
				FBCBDBDD1A64E94E00C43B10 /* jsDemoTests */,
				FBCBDBC21A64E94E00C43B10 /* Products */,
			);
			sourceTree = "<group>";
		};
		FBCBDBC21A64E94E00C43B10 /* Products */ = {
			isa = PBXGroup;
			children = (
				FBCBDBC11A64E94E00C43B10 /* jsDemo.app */,
				FBCBDBDA1A64E94E00C43B10 /* jsDemoTests.xctest */,
			);
			name = Products;
			sourceTree = "<group>";
		};
		FBCBDBC31A64E94E00C43B10 /* jsDemo */ = {
			isa = PBXGroup;
			children = (
				FBCBDBEA1A64E97D00C43B10 /* resource */,
				FBCBDBC81A64E94E00C43B10 /* AppDelegate.h */,
				FBCBDBC91A64E94E00C43B10 /* AppDelegate.m */,
				FBCBDBCB1A64E94E00C43B10 /* ViewController.h */,
				FBCBDBCC1A64E94E00C43B10 /* ViewController.m */,
				FBCBDBCE1A64E94E00C43B10 /* Main.storyboard */,
				FBCBDBD11A64E94E00C43B10 /* Images.xcassets */,
				FBCBDBD31A64E94E00C43B10 /* LaunchScreen.xib */,
				FBCBDBC41A64E94E00C43B10 /* Supporting Files */,
			);
			path = jsDemo;
			sourceTree = "<group>";
		};
		FBCBDBC41A64E94E00C43B10 /* Supporting Files */ = {
			isa = PBXGroup;
			children = (
				FBCBDBC51A64E94E00C43B10 /* Info.plist */,
				FBCBDBC61A64E94E00C43B10 /* main.m */,
			);
			name = "Supporting Files";
			sourceTree = "<group>";
		};
		FBCBDBDD1A64E94E00C43B10 /* jsDemoTests */ = {
			isa = PBXGroup;
			children = (
				FBCBDBE01A64E94E00C43B10 /* jsDemoTests.m */,
				FBCBDBDE1A64E94E00C43B10 /* Supporting Files */,
			);
			path = jsDemoTests;
			sourceTree = "<group>";
		};
		FBCBDBDE1A64E94E00C43B10 /* Supporting Files */ = {
			isa = PBXGroup;
			children = (
				FBCBDBDF1A64E94E00C43B10 /* Info.plist */,
			);
			name = "Supporting Files";
			sourceTree = "<group>";
		};
/* End PBXGroup section */

/* Begin PBXNativeTarget section */
		FBCBDBC01A64E94D00C43B10 /* jsDemo */ = {
			isa = PBXNativeTarget;
			buildConfigurationList = FBCBDBE41A64E94E00C43B10 /* Build configuration list for PBXNativeTarget "jsDemo" */;
			buildPhases = (
				FBCBDBBD1A64E94D00C43B10 /* Sources */,
				FBCBDBBE1A64E94D00C43B10 /* Frameworks */,
				FBCBDBBF1A64E94D00C43B10 /* Resources */,
			);
			buildRules = (
			);
			dependencies = (
			);
			name = jsDemo;
			productName = jsDemo;
			productReference = FBCBDBC11A64E94E00C43B10 /* jsDemo.app */;
			productType = "com.apple.product-type.application";
		};
		FBCBDBD91A64E94E00C43B10 /* jsDemoTests */ = {
			isa = PBXNativeTarget;
			buildConfigurationList = FBCBDBE71A64E94E00C43B10 /* Build configuration list for PBXNativeTarget "jsDemoTests" */;
			buildPhases = (
				FBCBDBD61A64E94E00C43B10 /* Sources */,
				FBCBDBD71A64E94E00C43B10 /* Frameworks */,
				FBCBDBD81A64E94E00C43B10 /* Resources */,
			);
			buildRules = (
			);
			dependencies = (
				FBCBDBDC1A64E94E00C43B10 /* PBXTargetDependency */,
			);
			name = jsDemoTests;
			productName = jsDemoTests;
			productReference = FBCBDBDA1A64E94E00C43B10 /* jsDemoTests.xctest */;
			productType = "com.apple.product-type.bundle.unit-test";
		};
/* End PBXNativeTarget section */

/* Begin PBXProject section */
		FBCBDBB91A64E94D00C43B10 /* Project object */ = {
			isa = PBXProject;
			attributes = {
				LastUpgradeCheck = 0610;
				ORGANIZATIONNAME = zx;
				TargetAttributes = {
					FBCBDBC01A64E94D00C43B10 = {
						CreatedOnToolsVersion = 6.1;
					};
					FBCBDBD91A64E94E00C43B10 = {
						CreatedOnToolsVersion = 6.1;
						TestTargetID = FBCBDBC01A64E94D00C43B10;
					};
				};
			};
			buildConfigurationList = FBCBDBBC1A64E94D00C43B10 /* Build configuration list for PBXProject "jsDemo" */;
			compatibilityVersion = "Xcode 3.2";
			developmentRegion = English;
			hasScannedForEncodings = 0;
			knownRegions = (
				en,
				Base,
			);
			mainGroup = FBCBDBB81A64E94D00C43B10;
			productRefGroup = FBCBDBC21A64E94E00C43B10 /* Products */;
			projectDirPath = "";
			projectRoot = "";
			targets = (
				FBCBDBC01A64E94D00C43B10 /* jsDemo */,
				FBCBDBD91A64E94E00C43B10 /* jsDemoTests */,
			);
		};
/* End PBXProject section */

/* Begin PBXResourcesBuildPhase section */
		FBCBDBBF1A64E94D00C43B10 /* Resources */ = {
			isa = PBXResourcesBuildPhase;
			buildActionMask = 2147483647;
			files = (
				FBCBDBEB1A64E97D00C43B10 /* resource in Resources */,
				FBCBDBD01A64E94E00C43B10 /* Main.storyboard in Resources */,
				FBCBDBD51A64E94E00C43B10 /* LaunchScreen.xib in Resources */,
				FBCBDBD21A64E94E00C43B10 /* Images.xcassets in Resources */,
			);
			runOnlyForDeploymentPostprocessing = 0;
		};
		FBCBDBD81A64E94E00C43B10 /* Resources */ = {
			isa = PBXResourcesBuildPhase;
			buildActionMask = 2147483647;
			files = (
			);
			runOnlyForDeploymentPostprocessing = 0;
		};
/* End PBXResourcesBuildPhase section */

/* Begin PBXSourcesBuildPhase section */
		FBCBDBBD1A64E94D00C43B10 /* Sources */ = {
			isa = PBXSourcesBuildPhase;
			buildActionMask = 2147483647;
			files = (
				FBCBDBCD1A64E94E00C43B10 /* ViewController.m in Sources */,
				FBCBDBCA1A64E94E00C43B10 /* AppDelegate.m in Sources */,
				FBCBDBC71A64E94E00C43B10 /* main.m in Sources */,
			);
			runOnlyForDeploymentPostprocessing = 0;
		};
		FBCBDBD61A64E94E00C43B10 /* Sources */ = {
			isa = PBXSourcesBuildPhase;
			buildActionMask = 2147483647;
			files = (
				FBCBDBE11A64E94E00C43B10 /* jsDemoTests.m in Sources */,
			);
			runOnlyForDeploymentPostprocessing = 0;
		};
/* End PBXSourcesBuildPhase section */

/* Begin PBXTargetDependency section */
		FBCBDBDC1A64E94E00C43B10 /* PBXTargetDependency */ = {
			isa = PBXTargetDependency;
			target = FBCBDBC01A64E94D00C43B10 /* jsDemo */;
			targetProxy = FBCBDBDB1A64E94E00C43B10 /* PBXContainerItemProxy */;
		};
/* End PBXTargetDependency section */

/* Begin PBXVariantGroup section */
		FBCBDBCE1A64E94E00C43B10 /* Main.storyboard */ = {
			isa = PBXVariantGroup;
			children = (
				FBCBDBCF1A64E94E00C43B10 /* Base */,
			);
			name = Main.storyboard;
			sourceTree = "<group>";
		};
		FBCBDBD31A64E94E00C43B10 /* LaunchScreen.xib */ = {
			isa = PBXVariantGroup;
			children = (
				FBCBDBD41A64E94E00C43B10 /* Base */,
			);
			name = LaunchScreen.xib;
			sourceTree = "<group>";
		};
/* End PBXVariantGroup section */

/* Begin XCBuildConfiguration section */
		FBCBDBE21A64E94E00C43B10 /* Debug */ = {
			isa = XCBuildConfiguration;
			buildSettings = {
				ALWAYS_SEARCH_USER_PATHS = NO;
				CLANG_CXX_LANGUAGE_STANDARD = "gnu++0x";
				CLANG_CXX_LIBRARY = "libc++";
				CLANG_ENABLE_MODULES = YES;
				CLANG_ENABLE_OBJC_ARC = YES;
				CLANG_WARN_BOOL_CONVERSION = YES;
				CLANG_WARN_CONSTANT_CONVERSION = YES;
				CLANG_WARN_DIRECT_OBJC_ISA_USAGE = YES_ERROR;
				CLANG_WARN_EMPTY_BODY = YES;
				CLANG_WARN_ENUM_CONVERSION = YES;
				CLANG_WARN_INT_CONVERSION = YES;
				CLANG_WARN_OBJC_ROOT_CLASS = YES_ERROR;
				CLANG_WARN_UNREACHABLE_CODE = YES;
				CLANG_WARN__DUPLICATE_METHOD_MATCH = YES;
				"CODE_SIGN_IDENTITY[sdk=iphoneos*]" = "iPhone Developer";
				COPY_PHASE_STRIP = NO;
				ENABLE_STRICT_OBJC_MSGSEND = YES;
				GCC_C_LANGUAGE_STANDARD = gnu99;
				GCC_DYNAMIC_NO_PIC = NO;
				GCC_OPTIMIZATION_LEVEL = 0;
				GCC_PREPROCESSOR_DEFINITIONS = (
					"DEBUG=1",
					"$(inherited)",
				);
				GCC_SYMBOLS_PRIVATE_EXTERN = NO;
				GCC_WARN_64_TO_32_BIT_CONVERSION = YES;
				GCC_WARN_ABOUT_RETURN_TYPE = YES_ERROR;
				GCC_WARN_UNDECLARED_SELECTOR = YES;
				GCC_WARN_UNINITIALIZED_AUTOS = YES_AGGRESSIVE;
				GCC_WARN_UNUSED_FUNCTION = YES;
				GCC_WARN_UNUSED_VARIABLE = YES;
				IPHONEOS_DEPLOYMENT_TARGET = 8.1;
				MTL_ENABLE_DEBUG_INFO = YES;
				ONLY_ACTIVE_ARCH = YES;
				SDKROOT = iphoneos;
			};
			name = Debug;
		};
		FBCBDBE31A64E94E00C43B10 /* Release */ = {
			isa = XCBuildConfiguration;
			buildSettings = {
				ALWAYS_SEARCH_USER_PATHS = NO;
				CLANG_CXX_LANGUAGE_STANDARD = "gnu++0x";
				CLANG_CXX_LIBRARY = "libc++";
				CLANG_ENABLE_MODULES = YES;
				CLANG_ENABLE_OBJC_ARC = YES;
				CLANG_WARN_BOOL_CONVERSION = YES;
				CLANG_WARN_CONSTANT_CONVERSION = YES;
				CLANG_WARN_DIRECT_OBJC_ISA_USAGE = YES_ERROR;
				CLANG_WARN_EMPTY_BODY = YES;
				CLANG_WARN_ENUM_CONVERSION = YES;
				CLANG_WARN_INT_CONVERSION = YES;
				CLANG_WARN_OBJC_ROOT_CLASS = YES_ERROR;
				CLANG_WARN_UNREACHABLE_CODE = YES;
				CLANG_WARN__DUPLICATE_METHOD_MATCH = YES;
				"CODE_SIGN_IDENTITY[sdk=iphoneos*]" = "iPhone Developer";
				COPY_PHASE_STRIP = YES;
				ENABLE_NS_ASSERTIONS = NO;
				ENABLE_STRICT_OBJC_MSGSEND = YES;
				GCC_C_LANGUAGE_STANDARD = gnu99;
				GCC_WARN_64_TO_32_BIT_CONVERSION = YES;
				GCC_WARN_ABOUT_RETURN_TYPE = YES_ERROR;
				GCC_WARN_UNDECLARED_SELECTOR = YES;
				GCC_WARN_UNINITIALIZED_AUTOS = YES_AGGRESSIVE;
				GCC_WARN_UNUSED_FUNCTION = YES;
				GCC_WARN_UNUSED_VARIABLE = YES;
				IPHONEOS_DEPLOYMENT_TARGET = 8.1;
				MTL_ENABLE_DEBUG_INFO = NO;
				SDKROOT = iphoneos;
				VALIDATE_PRODUCT = YES;
			};
			name = Release;
		};
		FBCBDBE51A64E94E00C43B10 /* Debug */ = {
			isa = XCBuildConfiguration;
			buildSettings = {
				ASSETCATALOG_COMPILER_APPICON_NAME = AppIcon;
				INFOPLIST_FILE = jsDemo/Info.plist;
				LD_RUNPATH_SEARCH_PATHS = "$(inherited) @executable_path/Frameworks";
				PRODUCT_NAME = "$(TARGET_NAME)";
			};
			name = Debug;
		};
		FBCBDBE61A64E94E00C43B10 /* Release */ = {
			isa = XCBuildConfiguration;
			buildSettings = {
				ASSETCATALOG_COMPILER_APPICON_NAME = AppIcon;
				INFOPLIST_FILE = jsDemo/Info.plist;
				LD_RUNPATH_SEARCH_PATHS = "$(inherited) @executable_path/Frameworks";
				PRODUCT_NAME = "$(TARGET_NAME)";
			};
			name = Release;
		};
		FBCBDBE81A64E94E00C43B10 /* Debug */ = {
			isa = XCBuildConfiguration;
			buildSettings = {
				BUNDLE_LOADER = "$(TEST_HOST)";
				FRAMEWORK_SEARCH_PATHS = (
					"$(SDKROOT)/Developer/Library/Frameworks",
					"$(inherited)",
				);
				GCC_PREPROCESSOR_DEFINITIONS = (
					"DEBUG=1",
					"$(inherited)",
				);
				INFOPLIST_FILE = jsDemoTests/Info.plist;
				LD_RUNPATH_SEARCH_PATHS = "$(inherited) @executable_path/Frameworks @loader_path/Frameworks";
				PRODUCT_NAME = "$(TARGET_NAME)";
				TEST_HOST = "$(BUILT_PRODUCTS_DIR)/jsDemo.app/jsDemo";
			};
			name = Debug;
		};
		FBCBDBE91A64E94E00C43B10 /* Release */ = {
			isa = XCBuildConfiguration;
			buildSettings = {
				BUNDLE_LOADER = "$(TEST_HOST)";
				FRAMEWORK_SEARCH_PATHS = (
					"$(SDKROOT)/Developer/Library/Frameworks",
					"$(inherited)",
				);
				INFOPLIST_FILE = jsDemoTests/Info.plist;
				LD_RUNPATH_SEARCH_PATHS = "$(inherited) @executable_path/Frameworks @loader_path/Frameworks";
				PRODUCT_NAME = "$(TARGET_NAME)";
				TEST_HOST = "$(BUILT_PRODUCTS_DIR)/jsDemo.app/jsDemo";
			};
			name = Release;
		};
/* End XCBuildConfiguration section */

/* Begin XCConfigurationList section */
		FBCBDBBC1A64E94D00C43B10 /* Build configuration list for PBXProject "jsDemo" */ = {
			isa = XCConfigurationList;
			buildConfigurations = (
				FBCBDBE21A64E94E00C43B10 /* Debug */,
				FBCBDBE31A64E94E00C43B10 /* Release */,
			);
			defaultConfigurationIsVisible = 0;
			defaultConfigurationName = Release;
		};
		FBCBDBE41A64E94E00C43B10 /* Build configuration list for PBXNativeTarget "jsDemo" */ = {
			isa = XCConfigurationList;
			buildConfigurations = (
				FBCBDBE51A64E94E00C43B10 /* Debug */,
				FBCBDBE61A64E94E00C43B10 /* Release */,
			);
			defaultConfigurationIsVisible = 0;
			defaultConfigurationName = Release;
		};
		FBCBDBE71A64E94E00C43B10 /* Build configuration list for PBXNativeTarget "jsDemoTests" */ = {
			isa = XCConfigurationList;
			buildConfigurations = (
				FBCBDBE81A64E94E00C43B10 /* Debug */,
				FBCBDBE91A64E94E00C43B10 /* Release */,
			);
			defaultConfigurationIsVisible = 0;
			defaultConfigurationName = Release;
		};
/* End XCConfigurationList section */
	};
	rootObject = FBCBDBB91A64E94D00C43B10 /* Project object */;
}
